
Microsoft Visual Studio Solution File, Format Version 12.00
# Visual Studio Version 16
VisualStudioVersion = 16.0.30717.126
MinimumVisualStudioVersion = 10.0.40219.1
Project("{FAE04EC0-301F-11D3-BF4B-00C04F79EFBC}") = "CheckIsDigitallySignature", "CheckIsDigitallySignature.csproj", "{04BBE9EE-925F-4E14-B4AF-697791C22ADB}"
EndProject
Global
	GlobalSection(SolutionConfigurationPlatforms) = preSolution
		Debug|Any CPU = Debug|Any CPU
		Release|Any CPU = Release|Any CPU
	EndGlobalSection
	GlobalSection(ProjectConfigurationPlatforms) = postSolution
		{04BBE9EE-925F-4E14-B4AF-697791C22ADB}.Debug|Any CPU.ActiveCfg = Debug|Any CPU
		{04BBE9EE-925F-4E14-B4AF-697791C22ADB}.Debug|Any CPU.Build.0 = Debug|Any CPU
		{04BBE9EE-925F-4E14-B4AF-697791C22ADB}.Release|Any CPU.ActiveCfg = Release|Any CPU
		{04BBE9EE-925F-4E14-B4AF-697791C22ADB}.Release|Any CPU.Build.0 = Release|Any CPU
	EndGlobalSection
	GlobalSection(SolutionProperties) = preSolution
		HideSolutionNode = FALSE
	EndGlobalSection
	GlobalSection(ExtensibilityGlobals) = postSolution
		SolutionGuid = {2D4E2080-BA84-4860-90A3-D8EFA7C32050}
	EndGlobalSection
EndGlobal
